<?xml version="1.0" encoding="utf-8"?>
<Project ToolsVersion="4.0" xmlns="http://schemas.microsoft.com/developer/msbuild/2003">
  <ItemGroup>
    <Filter Include="Source Files">
      <UniqueIdentifier>{4FC737F1-C7A5-4376-A066-2A32D752A2FF}</UniqueIdentifier>
      <Extensions>cpp;c;cc;cxx;c++;cppm;ixx;def;odl;idl;hpj;bat;asm;asmx</Extensions>
    </Filter>
    <Filter Include="Header Files">
      <UniqueIdentifier>{93995380-89BD-4b04-88EB-625FBE52EBFB}</UniqueIdentifier>
      <Extensions>h;hh;hpp;hxx;h++;hm;inl;inc;ipp;xsd</Extensions>
    </Filter>
    <Filter Include="imgui">
      <UniqueIdentifier>{c6f97529-470d-4748-8e27-4b6659786bd9}</UniqueIdentifier>
    </Filter>
    <Filter Include="imgui\DirectX12">
      <UniqueIdentifier>{810c3ffd-8f6c-4fb5-af92-0f1d54d8dc61}</UniqueIdentifier>
    </Filter>
    <Filter Include="Burst_Anim">
      <UniqueIdentifier>{f85f9bfc-7ae0-485b-aaa8-181c853995fe}</UniqueIdentifier>
    </Filter>
  </ItemGroup>
  <ItemGroup>
    <ClCompile Include="RayTracer.cpp">
      <Filter>Source Files</Filter>
    </ClCompile>
    <ClCompile Include="ImGUI_utility\imgui.cpp">
      <Filter>imgui</Filter>
    </ClCompile>
    <ClCompile Include="ImGUI_utility\imgui_demo.cpp">
      <Filter>imgui</Filter>
    </ClCompile>
    <ClCompile Include="ImGUI_utility\imgui_draw.cpp">
      <Filter>imgui</Filter>
    </ClCompile>
    <ClCompile Include="ImGUI_utility\imgui_tables.cpp">
      <Filter>imgui</Filter>
    </ClCompile>
    <ClCompile Include="ImGUI_utility\imgui_widgets.cpp">
      <Filter>imgui</Filter>
    </ClCompile>
    <ClCompile Include="ImGUI_utility\backends\imgui_impl_dx12.cpp">
      <Filter>imgui\DirectX12</Filter>
    </ClCompile>
    <ClCompile Include="ImGUI_utility\backends\imgui_impl_win32.cpp">
      <Filter>imgui\DirectX12</Filter>
    </ClCompile>
    <ClCompile Include="main.cpp">
      <Filter>Source Files</Filter>
    </ClCompile>
    <ClCompile Include="Xplode.cpp">
      <Filter>Burst_Anim</Filter>
    </ClCompile>
  </ItemGroup>
  <ItemGroup>
    <ClInclude Include="Geometry.h">
      <Filter>Header Files</Filter>
    </ClInclude>
    <ClInclude Include="RayTracer.h">
      <Filter>Header Files</Filter>
    </ClInclude>
    <ClInclude Include="ImGUI_utility\imgui_internal.h">
      <Filter>imgui</Filter>
    </ClInclude>
    <ClInclude Include="ImGUI_utility\imgui.h">
      <Filter>imgui</Filter>
    </ClInclude>
    <ClInclude Include="ImGUI_utility\imconfig.h">
      <Filter>imgui</Filter>
    </ClInclude>
    <ClInclude Include="ImGUI_utility\backends\imgui_impl_dx12.h">
      <Filter>imgui\DirectX12</Filter>
    </ClInclude>
    <ClInclude Include="ImGUI_utility\backends\imgui_impl_win32.h">
      <Filter>imgui\DirectX12</Filter>
    </ClInclude>
    <ClInclude Include="ImGUI_utility\imstb_truetype.h">
      <Filter>imgui</Filter>
    </ClInclude>
    <ClInclude Include="Xplode.h">
      <Filter>Burst_Anim</Filter>
    </ClInclude>
  </ItemGroup>
</Project>